
Microsoft Visual Studio Solution File, Format Version 12.00
# Visual Studio Version 16
VisualStudioVersion = 16.0.30330.147
MinimumVisualStudioVersion = 10.0.40219.1
Project("{FAE04EC0-301F-11D3-BF4B-00C04F79EFBC}") = "ASPVisitorManagement2020", "ASPVisitorManagement2020.csproj", "{F3DFFF3F-626C-401B-88A8-088D541AB12D}"
EndProject
Global
	GlobalSection(SolutionConfigurationPlatforms) = preSolution
		Debug|Any CPU = Debug|Any CPU
		Release|Any CPU = Release|Any CPU
	EndGlobalSection
	GlobalSection(ProjectConfigurationPlatforms) = postSolution
		{F3DFFF3F-626C-401B-88A8-088D541AB12D}.Debug|Any CPU.ActiveCfg = Debug|Any CPU
		{F3DFFF3F-626C-401B-88A8-088D541AB12D}.Debug|Any CPU.Build.0 = Debug|Any CPU
		{F3DFFF3F-626C-401B-88A8-088D541AB12D}.Release|Any CPU.ActiveCfg = Release|Any CPU
		{F3DFFF3F-626C-401B-88A8-088D541AB12D}.Release|Any CPU.Build.0 = Release|Any CPU
	EndGlobalSection
	GlobalSection(SolutionProperties) = preSolution
		HideSolutionNode = FALSE
	EndGlobalSection
	GlobalSection(ExtensibilityGlobals) = postSolution
		SolutionGuid = {235AC5A2-09A6-48D8-A449-6BAC8F30B622}
	EndGlobalSection
EndGlobal
